// !$*UTF8*$!
{
	archiveVersion = 1;
	classes = {
	};
	objectVersion = 46;
	objects = {

/* Begin PBXBuildFile section */
		8F7204DFE391FE22FA449EFD /* Pods_SQLiteSwift.framework in Frameworks */ = {isa = PBXBuildFile; fileRef = 0D6E18B8D7466A9A1327DC4D /* Pods_SQLiteSwift.framework */; };
		FF66265C1C78DFA2004A0926 /* SQLiteTests.swift in Sources */ = {isa = PBXBuildFile; fileRef = FF66265B1C78DFA2004A0926 /* SQLiteTests.swift */; };
		FF66265E1C78E2FB004A0926 /* SQLiteSwift.swift in Sources */ = {isa = PBXBuildFile; fileRef = FF66265D1C78E2FB004A0926 /* SQLiteSwift.swift */; };
		FF6626601C790773004A0926 /* User.swift in Sources */ = {isa = PBXBuildFile; fileRef = FF66265F1C790773004A0926 /* User.swift */; };
		FF831B491C70E05400851CE6 /* SQLiteSwift.h in Headers */ = {isa = PBXBuildFile; fileRef = FF831B481C70E05400851CE6 /* SQLiteSwift.h */; settings = {ATTRIBUTES = (Public, ); }; };
		FF831B501C70E05400851CE6 /* SQLiteSwift.framework in Frameworks */ = {isa = PBXBuildFile; fileRef = FF831B451C70E05400851CE6 /* SQLiteSwift.framework */; };
		FF831B551C70E05400851CE6 /* SQLiteSwiftTests.swift in Sources */ = {isa = PBXBuildFile; fileRef = FF831B541C70E05400851CE6 /* SQLiteSwiftTests.swift */; };
		FF831B601C70E07600851CE6 /* SQLite.swift in Sources */ = {isa = PBXBuildFile; fileRef = FF831B5F1C70E07600851CE6 /* SQLite.swift */; };
		FF831B621C70E0C900851CE6 /* libsqlite3.0.tbd in Frameworks */ = {isa = PBXBuildFile; fileRef = FF831B611C70E0C900851CE6 /* libsqlite3.0.tbd */; };
		FFCAB8FF1C7973FF0040D64B /* SSMap.swift in Sources */ = {isa = PBXBuildFile; fileRef = FFCAB8FE1C7973FF0040D64B /* SSMap.swift */; };
		FFCAB9011C7974220040D64B /* SSScan.swift in Sources */ = {isa = PBXBuildFile; fileRef = FFCAB9001C7974220040D64B /* SSScan.swift */; };
/* End PBXBuildFile section */

/* Begin PBXContainerItemProxy section */
		FF831B511C70E05400851CE6 /* PBXContainerItemProxy */ = {
			isa = PBXContainerItemProxy;
			containerPortal = FF831B3C1C70E05400851CE6 /* Project object */;
			proxyType = 1;
			remoteGlobalIDString = FF831B441C70E05400851CE6;
			remoteInfo = SQLiteSwift;
		};
/* End PBXContainerItemProxy section */

/* Begin PBXFileReference section */
		0D6E18B8D7466A9A1327DC4D /* Pods_SQLiteSwift.framework */ = {isa = PBXFileReference; explicitFileType = wrapper.framework; includeInIndex = 0; path = Pods_SQLiteSwift.framework; sourceTree = BUILT_PRODUCTS_DIR; };
		9E1740419EFE5C9D275D8336 /* Pods-SQLiteSwift.debug.xcconfig */ = {isa = PBXFileReference; includeInIndex = 1; lastKnownFileType = text.xcconfig; name = "Pods-SQLiteSwift.debug.xcconfig"; path = "Pods/Target Support Files/Pods-SQLiteSwift/Pods-SQLiteSwift.debug.xcconfig"; sourceTree = "<group>"; };
		A6E23A70C870FB2B940DD7D8 /* Pods-SQLiteSwift.release.xcconfig */ = {isa = PBXFileReference; includeInIndex = 1; lastKnownFileType = text.xcconfig; name = "Pods-SQLiteSwift.release.xcconfig"; path = "Pods/Target Support Files/Pods-SQLiteSwift/Pods-SQLiteSwift.release.xcconfig"; sourceTree = "<group>"; };
		FF66265B1C78DFA2004A0926 /* SQLiteTests.swift */ = {isa = PBXFileReference; fileEncoding = 4; lastKnownFileType = sourcecode.swift; path = SQLiteTests.swift; sourceTree = "<group>"; };
		FF66265D1C78E2FB004A0926 /* SQLiteSwift.swift */ = {isa = PBXFileReference; fileEncoding = 4; lastKnownFileType = sourcecode.swift; path = SQLiteSwift.swift; sourceTree = "<group>"; };
		FF66265F1C790773004A0926 /* User.swift */ = {isa = PBXFileReference; fileEncoding = 4; lastKnownFileType = sourcecode.swift; path = User.swift; sourceTree = "<group>"; };
		FF831B451C70E05400851CE6 /* SQLiteSwift.framework */ = {isa = PBXFileReference; explicitFileType = wrapper.framework; includeInIndex = 0; path = SQLiteSwift.framework; sourceTree = BUILT_PRODUCTS_DIR; };
		FF831B481C70E05400851CE6 /* SQLiteSwift.h */ = {isa = PBXFileReference; lastKnownFileType = sourcecode.c.h; path = SQLiteSwift.h; sourceTree = "<group>"; };
		FF831B4A1C70E05400851CE6 /* Info.plist */ = {isa = PBXFileReference; lastKnownFileType = text.plist.xml; path = Info.plist; sourceTree = "<group>"; };
		FF831B4F1C70E05400851CE6 /* SQLiteSwiftTests.xctest */ = {isa = PBXFileReference; explicitFileType = wrapper.cfbundle; includeInIndex = 0; path = SQLiteSwiftTests.xctest; sourceTree = BUILT_PRODUCTS_DIR; };
		FF831B541C70E05400851CE6 /* SQLiteSwiftTests.swift */ = {isa = PBXFileReference; lastKnownFileType = sourcecode.swift; path = SQLiteSwiftTests.swift; sourceTree = "<group>"; };
		FF831B561C70E05400851CE6 /* Info.plist */ = {isa = PBXFileReference; lastKnownFileType = text.plist.xml; path = Info.plist; sourceTree = "<group>"; };
		FF831B5F1C70E07600851CE6 /* SQLite.swift */ = {isa = PBXFileReference; fileEncoding = 4; lastKnownFileType = sourcecode.swift; path = SQLite.swift; sourceTree = "<group>"; };
		FF831B611C70E0C900851CE6 /* libsqlite3.0.tbd */ = {isa = PBXFileReference; lastKnownFileType = "sourcecode.text-based-dylib-definition"; name = libsqlite3.0.tbd; path = usr/lib/libsqlite3.0.tbd; sourceTree = SDKROOT; };
		FFCAB8FE1C7973FF0040D64B /* SSMap.swift */ = {isa = PBXFileReference; fileEncoding = 4; lastKnownFileType = sourcecode.swift; path = SSMap.swift; sourceTree = "<group>"; };
		FFCAB9001C7974220040D64B /* SSScan.swift */ = {isa = PBXFileReference; fileEncoding = 4; lastKnownFileType = sourcecode.swift; path = SSScan.swift; sourceTree = "<group>"; };
/* End PBXFileReference section */

/* Begin PBXFrameworksBuildPhase section */
		FF831B411C70E05400851CE6 /* Frameworks */ = {
			isa = PBXFrameworksBuildPhase;
			buildActionMask = 2147483647;
			files = (
				FF831B621C70E0C900851CE6 /* libsqlite3.0.tbd in Frameworks */,
				8F7204DFE391FE22FA449EFD /* Pods_SQLiteSwift.framework in Frameworks */,
			);
			runOnlyForDeploymentPostprocessing = 0;
		};
		FF831B4C1C70E05400851CE6 /* Frameworks */ = {
			isa = PBXFrameworksBuildPhase;
			buildActionMask = 2147483647;
			files = (
				FF831B501C70E05400851CE6 /* SQLiteSwift.framework in Frameworks */,
			);
			runOnlyForDeploymentPostprocessing = 0;
		};
/* End PBXFrameworksBuildPhase section */

/* Begin PBXGroup section */
		6A81858131FECD9298E9AFA8 /* Pods */ = {
			isa = PBXGroup;
			children = (
				9E1740419EFE5C9D275D8336 /* Pods-SQLiteSwift.debug.xcconfig */,
				A6E23A70C870FB2B940DD7D8 /* Pods-SQLiteSwift.release.xcconfig */,
			);
			name = Pods;
			sourceTree = "<group>";
		};
		B6E7530027F09F164AA69FFD /* Frameworks */ = {
			isa = PBXGroup;
			children = (
				0D6E18B8D7466A9A1327DC4D /* Pods_SQLiteSwift.framework */,
			);
			name = Frameworks;
			sourceTree = "<group>";
		};
		FF831B3B1C70E05400851CE6 = {
			isa = PBXGroup;
			children = (
				FF831B611C70E0C900851CE6 /* libsqlite3.0.tbd */,
				FF831B471C70E05400851CE6 /* SQLiteSwift */,
				FF831B531C70E05400851CE6 /* SQLiteSwiftTests */,
				FF831B461C70E05400851CE6 /* Products */,
				6A81858131FECD9298E9AFA8 /* Pods */,
				B6E7530027F09F164AA69FFD /* Frameworks */,
			);
			sourceTree = "<group>";
		};
		FF831B461C70E05400851CE6 /* Products */ = {
			isa = PBXGroup;
			children = (
				FF831B451C70E05400851CE6 /* SQLiteSwift.framework */,
				FF831B4F1C70E05400851CE6 /* SQLiteSwiftTests.xctest */,
			);
			name = Products;
			sourceTree = "<group>";
		};
		FF831B471C70E05400851CE6 /* SQLiteSwift */ = {
			isa = PBXGroup;
			children = (
				FF831B481C70E05400851CE6 /* SQLiteSwift.h */,
				FF831B4A1C70E05400851CE6 /* Info.plist */,
				FF831B5F1C70E07600851CE6 /* SQLite.swift */,
				FF66265D1C78E2FB004A0926 /* SQLiteSwift.swift */,
				FFCAB8FE1C7973FF0040D64B /* SSMap.swift */,
				FFCAB9001C7974220040D64B /* SSScan.swift */,
			);
			path = SQLiteSwift;
			sourceTree = "<group>";
		};
		FF831B531C70E05400851CE6 /* SQLiteSwiftTests */ = {
			isa = PBXGroup;
			children = (
				FF66265B1C78DFA2004A0926 /* SQLiteTests.swift */,
				FF831B541C70E05400851CE6 /* SQLiteSwiftTests.swift */,
				FF831B561C70E05400851CE6 /* Info.plist */,
				FF66265F1C790773004A0926 /* User.swift */,
			);
			path = SQLiteSwiftTests;
			sourceTree = "<group>";
		};
/* End PBXGroup section */

/* Begin PBXHeadersBuildPhase section */
		FF831B421C70E05400851CE6 /* Headers */ = {
			isa = PBXHeadersBuildPhase;
			buildActionMask = 2147483647;
			files = (
				FF831B491C70E05400851CE6 /* SQLiteSwift.h in Headers */,
			);
			runOnlyForDeploymentPostprocessing = 0;
		};
/* End PBXHeadersBuildPhase section */

/* Begin PBXNativeTarget section */
		FF831B441C70E05400851CE6 /* SQLiteSwift */ = {
			isa = PBXNativeTarget;
			buildConfigurationList = FF831B591C70E05400851CE6 /* Build configuration list for PBXNativeTarget "SQLiteSwift" */;
			buildPhases = (
				CB65D05263722CD1A51A0670 /* Check Pods Manifest.lock */,
				FF831B401C70E05400851CE6 /* Sources */,
				FF831B411C70E05400851CE6 /* Frameworks */,
				FF831B421C70E05400851CE6 /* Headers */,
				FF831B431C70E05400851CE6 /* Resources */,
				2927DF5CCCC2CAB5560D6066 /* Copy Pods Resources */,
			);
			buildRules = (
			);
			dependencies = (
			);
			name = SQLiteSwift;
			productName = SQLiteSwift;
			productReference = FF831B451C70E05400851CE6 /* SQLiteSwift.framework */;
			productType = "com.apple.product-type.framework";
		};
		FF831B4E1C70E05400851CE6 /* SQLiteSwiftTests */ = {
			isa = PBXNativeTarget;
			buildConfigurationList = FF831B5C1C70E05400851CE6 /* Build configuration list for PBXNativeTarget "SQLiteSwiftTests" */;
			buildPhases = (
				FF831B4B1C70E05400851CE6 /* Sources */,
				FF831B4C1C70E05400851CE6 /* Frameworks */,
				FF831B4D1C70E05400851CE6 /* Resources */,
			);
			buildRules = (
			);
			dependencies = (
				FF831B521C70E05400851CE6 /* PBXTargetDependency */,
			);
			name = SQLiteSwiftTests;
			productName = SQLiteSwiftTests;
			productReference = FF831B4F1C70E05400851CE6 /* SQLiteSwiftTests.xctest */;
			productType = "com.apple.product-type.bundle.unit-test";
		};
/* End PBXNativeTarget section */

/* Begin PBXProject section */
		FF831B3C1C70E05400851CE6 /* Project object */ = {
			isa = PBXProject;
			attributes = {
				LastSwiftUpdateCheck = 0720;
				LastUpgradeCheck = 0720;
				ORGANIZATIONNAME = "yoshiyuki ohde";
				TargetAttributes = {
					FF831B441C70E05400851CE6 = {
						CreatedOnToolsVersion = 7.2.1;
						DevelopmentTeam = 6JW63865Y3;
					};
					FF831B4E1C70E05400851CE6 = {
						CreatedOnToolsVersion = 7.2.1;
						DevelopmentTeam = 6JW63865Y3;
					};
				};
			};
			buildConfigurationList = FF831B3F1C70E05400851CE6 /* Build configuration list for PBXProject "SQLiteSwift" */;
			compatibilityVersion = "Xcode 3.2";
			developmentRegion = English;
			hasScannedForEncodings = 0;
			knownRegions = (
				en,
			);
			mainGroup = FF831B3B1C70E05400851CE6;
			productRefGroup = FF831B461C70E05400851CE6 /* Products */;
			projectDirPath = "";
			projectRoot = "";
			targets = (
				FF831B441C70E05400851CE6 /* SQLiteSwift */,
				FF831B4E1C70E05400851CE6 /* SQLiteSwiftTests */,
			);
		};
/* End PBXProject section */

/* Begin PBXResourcesBuildPhase section */
		FF831B431C70E05400851CE6 /* Resources */ = {
			isa = PBXResourcesBuildPhase;
			buildActionMask = 2147483647;
			files = (
			);
			runOnlyForDeploymentPostprocessing = 0;
		};
		FF831B4D1C70E05400851CE6 /* Resources */ = {
			isa = PBXResourcesBuildPhase;
			buildActionMask = 2147483647;
			files = (
			);
			runOnlyForDeploymentPostprocessing = 0;
		};
/* End PBXResourcesBuildPhase section */

/* Begin PBXShellScriptBuildPhase section */
		2927DF5CCCC2CAB5560D6066 /* Copy Pods Resources */ = {
			isa = PBXShellScriptBuildPhase;
			buildActionMask = 2147483647;
			files = (
			);
			inputPaths = (
			);
			name = "Copy Pods Resources";
			outputPaths = (
			);
			runOnlyForDeploymentPostprocessing = 0;
			shellPath = /bin/sh;
			shellScript = "\"${SRCROOT}/Pods/Target Support Files/Pods-SQLiteSwift/Pods-SQLiteSwift-resources.sh\"\n";
			showEnvVarsInLog = 0;
		};
		CB65D05263722CD1A51A0670 /* Check Pods Manifest.lock */ = {
			isa = PBXShellScriptBuildPhase;
			buildActionMask = 2147483647;
			files = (
			);
			inputPaths = (
			);
			name = "Check Pods Manifest.lock";
			outputPaths = (
			);
			runOnlyForDeploymentPostprocessing = 0;
			shellPath = /bin/sh;
			shellScript = "diff \"${PODS_ROOT}/../Podfile.lock\" \"${PODS_ROOT}/Manifest.lock\" > /dev/null\nif [[ $? != 0 ]] ; then\n    cat << EOM\nerror: The sandbox is not in sync with the Podfile.lock. Run 'pod install' or update your CocoaPods installation.\nEOM\n    exit 1\nfi\n";
			showEnvVarsInLog = 0;
		};
/* End PBXShellScriptBuildPhase section */

/* Begin PBXSourcesBuildPhase section */
		FF831B401C70E05400851CE6 /* Sources */ = {
			isa = PBXSourcesBuildPhase;
			buildActionMask = 2147483647;
			files = (
				FFCAB8FF1C7973FF0040D64B /* SSMap.swift in Sources */,
				FF831B601C70E07600851CE6 /* SQLite.swift in Sources */,
				FFCAB9011C7974220040D64B /* SSScan.swift in Sources */,
				FF66265E1C78E2FB004A0926 /* SQLiteSwift.swift in Sources */,
			);
			runOnlyForDeploymentPostprocessing = 0;
		};
		FF831B4B1C70E05400851CE6 /* Sources */ = {
			isa = PBXSourcesBuildPhase;
			buildActionMask = 2147483647;
			files = (
				FF66265C1C78DFA2004A0926 /* SQLiteTests.swift in Sources */,
				FF831B551C70E05400851CE6 /* SQLiteSwiftTests.swift in Sources */,
				FF6626601C790773004A0926 /* User.swift in Sources */,
			);
			runOnlyForDeploymentPostprocessing = 0;
		};
/* End PBXSourcesBuildPhase section */

/* Begin PBXTargetDependency section */
		FF831B521C70E05400851CE6 /* PBXTargetDependency */ = {
			isa = PBXTargetDependency;
			target = FF831B441C70E05400851CE6 /* SQLiteSwift */;
			targetProxy = FF831B511C70E05400851CE6 /* PBXContainerItemProxy */;
		};
/* End PBXTargetDependency section */

/* Begin XCBuildConfiguration section */
		FF831B571C70E05400851CE6 /* Debug */ = {
			isa = XCBuildConfiguration;
			buildSettings = {
				ALWAYS_SEARCH_USER_PATHS = NO;
				CLANG_ALLOW_NON_MODULAR_INCLUDES_IN_FRAMEWORK_MODULES = YES;
				CLANG_CXX_LANGUAGE_STANDARD = "gnu++0x";
				CLANG_CXX_LIBRARY = "libc++";
				CLANG_ENABLE_MODULES = YES;
				CLANG_ENABLE_OBJC_ARC = YES;
				CLANG_WARN_BOOL_CONVERSION = YES;
				CLANG_WARN_CONSTANT_CONVERSION = YES;
				CLANG_WARN_DIRECT_OBJC_ISA_USAGE = YES_ERROR;
				CLANG_WARN_EMPTY_BODY = YES;
				CLANG_WARN_ENUM_CONVERSION = YES;
				CLANG_WARN_INT_CONVERSION = YES;
				CLANG_WARN_OBJC_ROOT_CLASS = YES_ERROR;
				CLANG_WARN_UNREACHABLE_CODE = YES;
				CLANG_WARN__DUPLICATE_METHOD_MATCH = YES;
				"CODE_SIGN_IDENTITY[sdk=iphoneos*]" = "iPhone Developer";
				COPY_PHASE_STRIP = NO;
				CURRENT_PROJECT_VERSION = 1;
				DEBUG_INFORMATION_FORMAT = dwarf;
				ENABLE_STRICT_OBJC_MSGSEND = YES;
				ENABLE_TESTABILITY = YES;
				GCC_C_LANGUAGE_STANDARD = gnu99;
				GCC_DYNAMIC_NO_PIC = NO;
				GCC_NO_COMMON_BLOCKS = YES;
				GCC_OPTIMIZATION_LEVEL = 0;
				GCC_PREPROCESSOR_DEFINITIONS = (
					"DEBUG=1",
					"$(inherited)",
				);
				GCC_WARN_64_TO_32_BIT_CONVERSION = YES;
				GCC_WARN_ABOUT_RETURN_TYPE = YES_ERROR;
				GCC_WARN_UNDECLARED_SELECTOR = YES;
				GCC_WARN_UNINITIALIZED_AUTOS = YES_AGGRESSIVE;
				GCC_WARN_UNUSED_FUNCTION = YES;
				GCC_WARN_UNUSED_VARIABLE = YES;
				IPHONEOS_DEPLOYMENT_TARGET = 9.2;
				MTL_ENABLE_DEBUG_INFO = YES;
				ONLY_ACTIVE_ARCH = YES;
				SDKROOT = iphoneos;
				SWIFT_OPTIMIZATION_LEVEL = "-Onone";
				TARGETED_DEVICE_FAMILY = "1,2";
				VERSIONING_SYSTEM = "apple-generic";
				VERSION_INFO_PREFIX = "";
			};
			name = Debug;
		};
		FF831B581C70E05400851CE6 /* Release */ = {
			isa = XCBuildConfiguration;
			buildSettings = {
				ALWAYS_SEARCH_USER_PATHS = NO;
				CLANG_ALLOW_NON_MODULAR_INCLUDES_IN_FRAMEWORK_MODULES = YES;
				CLANG_CXX_LANGUAGE_STANDARD = "gnu++0x";
				CLANG_CXX_LIBRARY = "libc++";
				CLANG_ENABLE_MODULES = YES;
				CLANG_ENABLE_OBJC_ARC = YES;
				CLANG_WARN_BOOL_CONVERSION = YES;
				CLANG_WARN_CONSTANT_CONVERSION = YES;
				CLANG_WARN_DIRECT_OBJC_ISA_USAGE = YES_ERROR;
				CLANG_WARN_EMPTY_BODY = YES;
				CLANG_WARN_ENUM_CONVERSION = YES;
				CLANG_WARN_INT_CONVERSION = YES;
				CLANG_WARN_OBJC_ROOT_CLASS = YES_ERROR;
				CLANG_WARN_UNREACHABLE_CODE = YES;
				CLANG_WARN__DUPLICATE_METHOD_MATCH = YES;
				"CODE_SIGN_IDENTITY[sdk=iphoneos*]" = "iPhone Developer";
				COPY_PHASE_STRIP = NO;
				CURRENT_PROJECT_VERSION = 1;
				DEBUG_INFORMATION_FORMAT = "dwarf-with-dsym";
				ENABLE_NS_ASSERTIONS = NO;
				ENABLE_STRICT_OBJC_MSGSEND = YES;
				GCC_C_LANGUAGE_STANDARD = gnu99;
				GCC_NO_COMMON_BLOCKS = YES;
				GCC_WARN_64_TO_32_BIT_CONVERSION = YES;
				GCC_WARN_ABOUT_RETURN_TYPE = YES_ERROR;
				GCC_WARN_UNDECLARED_SELECTOR = YES;
				GCC_WARN_UNINITIALIZED_AUTOS = YES_AGGRESSIVE;
				GCC_WARN_UNUSED_FUNCTION = YES;
				GCC_WARN_UNUSED_VARIABLE = YES;
				IPHONEOS_DEPLOYMENT_TARGET = 9.2;
				MTL_ENABLE_DEBUG_INFO = NO;
				SDKROOT = iphoneos;
				TARGETED_DEVICE_FAMILY = "1,2";
				VALIDATE_PRODUCT = YES;
				VERSIONING_SYSTEM = "apple-generic";
				VERSION_INFO_PREFIX = "";
			};
			name = Release;
		};
		FF831B5A1C70E05400851CE6 /* Debug */ = {
			isa = XCBuildConfiguration;
			baseConfigurationReference = 9E1740419EFE5C9D275D8336 /* Pods-SQLiteSwift.debug.xcconfig */;
			buildSettings = {
				CLANG_ALLOW_NON_MODULAR_INCLUDES_IN_FRAMEWORK_MODULES = YES;
				CLANG_ENABLE_MODULES = YES;
				DEFINES_MODULE = YES;
				DYLIB_COMPATIBILITY_VERSION = 1;
				DYLIB_CURRENT_VERSION = 1;
				DYLIB_INSTALL_NAME_BASE = "@rpath";
				INFOPLIST_FILE = SQLiteSwift/Info.plist;
				INSTALL_PATH = "$(LOCAL_LIBRARY_DIR)/Frameworks";
				LD_RUNPATH_SEARCH_PATHS = "$(inherited) @executable_path/Frameworks @loader_path/Frameworks";
				PRODUCT_BUNDLE_IDENTIFIER = com.yoshiyuki.SQLiteSwift;
				PRODUCT_NAME = "$(TARGET_NAME)";
				SKIP_INSTALL = YES;
				SWIFT_OPTIMIZATION_LEVEL = "-Onone";
			};
			name = Debug;
		};
		FF831B5B1C70E05400851CE6 /* Release */ = {
			isa = XCBuildConfiguration;
			baseConfigurationReference = A6E23A70C870FB2B940DD7D8 /* Pods-SQLiteSwift.release.xcconfig */;
			buildSettings = {
				CLANG_ALLOW_NON_MODULAR_INCLUDES_IN_FRAMEWORK_MODULES = YES;
				CLANG_ENABLE_MODULES = YES;
				DEFINES_MODULE = YES;
				DYLIB_COMPATIBILITY_VERSION = 1;
				DYLIB_CURRENT_VERSION = 1;
				DYLIB_INSTALL_NAME_BASE = "@rpath";
				INFOPLIST_FILE = SQLiteSwift/Info.plist;
				INSTALL_PATH = "$(LOCAL_LIBRARY_DIR)/Frameworks";
				LD_RUNPATH_SEARCH_PATHS = "$(inherited) @executable_path/Frameworks @loader_path/Frameworks";
				PRODUCT_BUNDLE_IDENTIFIER = com.yoshiyuki.SQLiteSwift;
				PRODUCT_NAME = "$(TARGET_NAME)";
				SKIP_INSTALL = YES;
			};
			name = Release;
		};
		FF831B5D1C70E05400851CE6 /* Debug */ = {
			isa = XCBuildConfiguration;
			buildSettings = {
				INFOPLIST_FILE = SQLiteSwiftTests/Info.plist;
				LD_RUNPATH_SEARCH_PATHS = "$(inherited) @executable_path/Frameworks @loader_path/Frameworks";
				PRODUCT_BUNDLE_IDENTIFIER = com.yoshiyuki.SQLiteSwiftTests;
				PRODUCT_NAME = "$(TARGET_NAME)";
			};
			name = Debug;
		};
		FF831B5E1C70E05400851CE6 /* Release */ = {
			isa = XCBuildConfiguration;
			buildSettings = {
				INFOPLIST_FILE = SQLiteSwiftTests/Info.plist;
				LD_RUNPATH_SEARCH_PATHS = "$(inherited) @executable_path/Frameworks @loader_path/Frameworks";
				PRODUCT_BUNDLE_IDENTIFIER = com.yoshiyuki.SQLiteSwiftTests;
				PRODUCT_NAME = "$(TARGET_NAME)";
			};
			name = Release;
		};
/* End XCBuildConfiguration section */

/* Begin XCConfigurationList section */
		FF831B3F1C70E05400851CE6 /* Build configuration list for PBXProject "SQLiteSwift" */ = {
			isa = XCConfigurationList;
			buildConfigurations = (
				FF831B571C70E05400851CE6 /* Debug */,
				FF831B581C70E05400851CE6 /* Release */,
			);
			defaultConfigurationIsVisible = 0;
			defaultConfigurationName = Release;
		};
		FF831B591C70E05400851CE6 /* Build configuration list for PBXNativeTarget "SQLiteSwift" */ = {
			isa = XCConfigurationList;
			buildConfigurations = (
				FF831B5A1C70E05400851CE6 /* Debug */,
				FF831B5B1C70E05400851CE6 /* Release */,
			);
			defaultConfigurationIsVisible = 0;
			defaultConfigurationName = Release;
		};
		FF831B5C1C70E05400851CE6 /* Build configuration list for PBXNativeTarget "SQLiteSwiftTests" */ = {
			isa = XCConfigurationList;
			buildConfigurations = (
				FF831B5D1C70E05400851CE6 /* Debug */,
				FF831B5E1C70E05400851CE6 /* Release */,
			);
			defaultConfigurationIsVisible = 0;
			defaultConfigurationName = Release;
		};
/* End XCConfigurationList section */
	};
	rootObject = FF831B3C1C70E05400851CE6 /* Project object */;
}
